// !$*UTF8*$!
{
	archiveVersion = 1;
	classes = {
	};
	objectVersion = 46;
	objects = {

/* Begin PBXBuildFile section */
		53449CB51B182D0D005A0A35 /* main.m in Sources */ = {isa = PBXBuildFile; fileRef = 53449CB41B182D0D005A0A35 /* main.m */; };
		53449CB81B182D0D005A0A35 /* AppDelegate.m in Sources */ = {isa = PBXBuildFile; fileRef = 53449CB71B182D0D005A0A35 /* AppDelegate.m */; };
		53449CBB1B182D0D005A0A35 /* huhu.xcdatamodeld in Sources */ = {isa = PBXBuildFile; fileRef = 53449CB91B182D0D005A0A35 /* huhu.xcdatamodeld */; };
		53449CBE1B182D0D005A0A35 /* ViewController.m in Sources */ = {isa = PBXBuildFile; fileRef = 53449CBD1B182D0D005A0A35 /* ViewController.m */; };
		53449CC11B182D0D005A0A35 /* Main.storyboard in Resources */ = {isa = PBXBuildFile; fileRef = 53449CBF1B182D0D005A0A35 /* Main.storyboard */; };
		53449CC31B182D0E005A0A35 /* Images.xcassets in Resources */ = {isa = PBXBuildFile; fileRef = 53449CC21B182D0E005A0A35 /* Images.xcassets */; };
		53449CC61B182D0E005A0A35 /* LaunchScreen.xib in Resources */ = {isa = PBXBuildFile; fileRef = 53449CC41B182D0E005A0A35 /* LaunchScreen.xib */; };
		53449CD21B182D0E005A0A35 /* huhuTests.m in Sources */ = {isa = PBXBuildFile; fileRef = 53449CD11B182D0E005A0A35 /* huhuTests.m */; };
/* End PBXBuildFile section */

/* Begin PBXContainerItemProxy section */
		53449CCC1B182D0E005A0A35 /* PBXContainerItemProxy */ = {
			isa = PBXContainerItemProxy;
			containerPortal = 53449CA71B182D0D005A0A35 /* Project object */;
			proxyType = 1;
			remoteGlobalIDString = 53449CAE1B182D0D005A0A35;
			remoteInfo = huhu;
		};
/* End PBXContainerItemProxy section */

/* Begin PBXFileReference section */
		53449CAF1B182D0D005A0A35 /* huhu.app */ = {isa = PBXFileReference; explicitFileType = wrapper.application; includeInIndex = 0; path = huhu.app; sourceTree = BUILT_PRODUCTS_DIR; };
		53449CB31B182D0D005A0A35 /* Info.plist */ = {isa = PBXFileReference; lastKnownFileType = text.plist.xml; path = Info.plist; sourceTree = "<group>"; };
		53449CB41B182D0D005A0A35 /* main.m */ = {isa = PBXFileReference; lastKnownFileType = sourcecode.c.objc; path = main.m; sourceTree = "<group>"; };
		53449CB61B182D0D005A0A35 /* AppDelegate.h */ = {isa = PBXFileReference; lastKnownFileType = sourcecode.c.h; path = AppDelegate.h; sourceTree = "<group>"; };
		53449CB71B182D0D005A0A35 /* AppDelegate.m */ = {isa = PBXFileReference; lastKnownFileType = sourcecode.c.objc; path = AppDelegate.m; sourceTree = "<group>"; };
		53449CBA1B182D0D005A0A35 /* huhu.xcdatamodel */ = {isa = PBXFileReference; lastKnownFileType = wrapper.xcdatamodel; path = huhu.xcdatamodel; sourceTree = "<group>"; };
		53449CBC1B182D0D005A0A35 /* ViewController.h */ = {isa = PBXFileReference; lastKnownFileType = sourcecode.c.h; path = ViewController.h; sourceTree = "<group>"; };
		53449CBD1B182D0D005A0A35 /* ViewController.m */ = {isa = PBXFileReference; lastKnownFileType = sourcecode.c.objc; path = ViewController.m; sourceTree = "<group>"; };
		53449CC01B182D0D005A0A35 /* Base */ = {isa = PBXFileReference; lastKnownFileType = file.storyboard; name = Base; path = Base.lproj/Main.storyboard; sourceTree = "<group>"; };
		53449CC21B182D0E005A0A35 /* Images.xcassets */ = {isa = PBXFileReference; lastKnownFileType = folder.assetcatalog; path = Images.xcassets; sourceTree = "<group>"; };
		53449CC51B182D0E005A0A35 /* Base */ = {isa = PBXFileReference; lastKnownFileType = file.xib; name = Base; path = Base.lproj/LaunchScreen.xib; sourceTree = "<group>"; };
		53449CCB1B182D0E005A0A35 /* huhuTests.xctest */ = {isa = PBXFileReference; explicitFileType = wrapper.cfbundle; includeInIndex = 0; path = huhuTests.xctest; sourceTree = BUILT_PRODUCTS_DIR; };
		53449CD01B182D0E005A0A35 /* Info.plist */ = {isa = PBXFileReference; lastKnownFileType = text.plist.xml; path = Info.plist; sourceTree = "<group>"; };
		53449CD11B182D0E005A0A35 /* huhuTests.m */ = {isa = PBXFileReference; lastKnownFileType = sourcecode.c.objc; path = huhuTests.m; sourceTree = "<group>"; };
/* End PBXFileReference section */

/* Begin PBXFrameworksBuildPhase section */
		53449CAC1B182D0D005A0A35 /* Frameworks */ = {
			isa = PBXFrameworksBuildPhase;
			buildActionMask = 2147483647;
			files = (
			);
			runOnlyForDeploymentPostprocessing = 0;
		};
		53449CC81B182D0E005A0A35 /* Frameworks */ = {
			isa = PBXFrameworksBuildPhase;
			buildActionMask = 2147483647;
			files = (
			);
			runOnlyForDeploymentPostprocessing = 0;
		};
/* End PBXFrameworksBuildPhase section */

/* Begin PBXGroup section */
		53449CA61B182D0D005A0A35 = {
			isa = PBXGroup;
			children = (
				53449CB11B182D0D005A0A35 /* huhu */,
				53449CCE1B182D0E005A0A35 /* huhuTests */,
				53449CB01B182D0D005A0A35 /* Products */,
			);
			sourceTree = "<group>";
		};
		53449CB01B182D0D005A0A35 /* Products */ = {
			isa = PBXGroup;
			children = (
				53449CAF1B182D0D005A0A35 /* huhu.app */,
				53449CCB1B182D0E005A0A35 /* huhuTests.xctest */,
			);
			name = Products;
			sourceTree = "<group>";
		};
		53449CB11B182D0D005A0A35 /* huhu */ = {
			isa = PBXGroup;
			children = (
				53449CB61B182D0D005A0A35 /* AppDelegate.h */,
				53449CB71B182D0D005A0A35 /* AppDelegate.m */,
				53449CBC1B182D0D005A0A35 /* ViewController.h */,
				53449CBD1B182D0D005A0A35 /* ViewController.m */,
				53449CBF1B182D0D005A0A35 /* Main.storyboard */,
				53449CC21B182D0E005A0A35 /* Images.xcassets */,
				53449CC41B182D0E005A0A35 /* LaunchScreen.xib */,
				53449CB91B182D0D005A0A35 /* huhu.xcdatamodeld */,
				53449CB21B182D0D005A0A35 /* Supporting Files */,
			);
			path = huhu;
			sourceTree = "<group>";
		};
		53449CB21B182D0D005A0A35 /* Supporting Files */ = {
			isa = PBXGroup;
			children = (
				53449CB31B182D0D005A0A35 /* Info.plist */,
				53449CB41B182D0D005A0A35 /* main.m */,
			);
			name = "Supporting Files";
			sourceTree = "<group>";
		};
		53449CCE1B182D0E005A0A35 /* huhuTests */ = {
			isa = PBXGroup;
			children = (
				53449CD11B182D0E005A0A35 /* huhuTests.m */,
				53449CCF1B182D0E005A0A35 /* Supporting Files */,
			);
			path = huhuTests;
			sourceTree = "<group>";
		};
		53449CCF1B182D0E005A0A35 /* Supporting Files */ = {
			isa = PBXGroup;
			children = (
				53449CD01B182D0E005A0A35 /* Info.plist */,
			);
			name = "Supporting Files";
			sourceTree = "<group>";
		};
/* End PBXGroup section */

/* Begin PBXNativeTarget section */
		53449CAE1B182D0D005A0A35 /* huhu */ = {
			isa = PBXNativeTarget;
			buildConfigurationList = 53449CD51B182D0E005A0A35 /* Build configuration list for PBXNativeTarget "huhu" */;
			buildPhases = (
				53449CAB1B182D0D005A0A35 /* Sources */,
				53449CAC1B182D0D005A0A35 /* Frameworks */,
				53449CAD1B182D0D005A0A35 /* Resources */,
			);
			buildRules = (
			);
			dependencies = (
			);
			name = huhu;
			productName = huhu;
			productReference = 53449CAF1B182D0D005A0A35 /* huhu.app */;
			productType = "com.apple.product-type.application";
		};
		53449CCA1B182D0E005A0A35 /* huhuTests */ = {
			isa = PBXNativeTarget;
			buildConfigurationList = 53449CD81B182D0E005A0A35 /* Build configuration list for PBXNativeTarget "huhuTests" */;
			buildPhases = (
				53449CC71B182D0E005A0A35 /* Sources */,
				53449CC81B182D0E005A0A35 /* Frameworks */,
				53449CC91B182D0E005A0A35 /* Resources */,
			);
			buildRules = (
			);
			dependencies = (
				53449CCD1B182D0E005A0A35 /* PBXTargetDependency */,
			);
			name = huhuTests;
			productName = huhuTests;
			productReference = 53449CCB1B182D0E005A0A35 /* huhuTests.xctest */;
			productType = "com.apple.product-type.bundle.unit-test";
		};
/* End PBXNativeTarget section */

/* Begin PBXProject section */
		53449CA71B182D0D005A0A35 /* Project object */ = {
			isa = PBXProject;
			attributes = {
				LastUpgradeCheck = 0630;
				ORGANIZATIONNAME = wangwanli;
				TargetAttributes = {
					53449CAE1B182D0D005A0A35 = {
						CreatedOnToolsVersion = 6.3.1;
					};
					53449CCA1B182D0E005A0A35 = {
						CreatedOnToolsVersion = 6.3.1;
						TestTargetID = 53449CAE1B182D0D005A0A35;
					};
				};
			};
			buildConfigurationList = 53449CAA1B182D0D005A0A35 /* Build configuration list for PBXProject "huhu" */;
			compatibilityVersion = "Xcode 3.2";
			developmentRegion = English;
			hasScannedForEncodings = 0;
			knownRegions = (
				en,
				Base,
			);
			mainGroup = 53449CA61B182D0D005A0A35;
			productRefGroup = 53449CB01B182D0D005A0A35 /* Products */;
			projectDirPath = "";
			projectRoot = "";
			targets = (
				53449CAE1B182D0D005A0A35 /* huhu */,
				53449CCA1B182D0E005A0A35 /* huhuTests */,
			);
		};
/* End PBXProject section */

/* Begin PBXResourcesBuildPhase section */
		53449CAD1B182D0D005A0A35 /* Resources */ = {
			isa = PBXResourcesBuildPhase;
			buildActionMask = 2147483647;
			files = (
				53449CC11B182D0D005A0A35 /* Main.storyboard in Resources */,
				53449CC61B182D0E005A0A35 /* LaunchScreen.xib in Resources */,
				53449CC31B182D0E005A0A35 /* Images.xcassets in Resources */,
			);
			runOnlyForDeploymentPostprocessing = 0;
		};
		53449CC91B182D0E005A0A35 /* Resources */ = {
			isa = PBXResourcesBuildPhase;
			buildActionMask = 2147483647;
			files = (
			);
			runOnlyForDeploymentPostprocessing = 0;
		};
/* End PBXResourcesBuildPhase section */

/* Begin PBXSourcesBuildPhase section */
		53449CAB1B182D0D005A0A35 /* Sources */ = {
			isa = PBXSourcesBuildPhase;
			buildActionMask = 2147483647;
			files = (
				53449CBB1B182D0D005A0A35 /* huhu.xcdatamodeld in Sources */,
				53449CB81B182D0D005A0A35 /* AppDelegate.m in Sources */,
				53449CBE1B182D0D005A0A35 /* ViewController.m in Sources */,
				53449CB51B182D0D005A0A35 /* main.m in Sources */,
			);
			runOnlyForDeploymentPostprocessing = 0;
		};
		53449CC71B182D0E005A0A35 /* Sources */ = {
			isa = PBXSourcesBuildPhase;
			buildActionMask = 2147483647;
			files = (
				53449CD21B182D0E005A0A35 /* huhuTests.m in Sources */,
			);
			runOnlyForDeploymentPostprocessing = 0;
		};
/* End PBXSourcesBuildPhase section */

/* Begin PBXTargetDependency section */
		53449CCD1B182D0E005A0A35 /* PBXTargetDependency */ = {
			isa = PBXTargetDependency;
			target = 53449CAE1B182D0D005A0A35 /* huhu */;
			targetProxy = 53449CCC1B182D0E005A0A35 /* PBXContainerItemProxy */;
		};
/* End PBXTargetDependency section */

/* Begin PBXVariantGroup section */
		53449CBF1B182D0D005A0A35 /* Main.storyboard */ = {
			isa = PBXVariantGroup;
			children = (
				53449CC01B182D0D005A0A35 /* Base */,
			);
			name = Main.storyboard;
			sourceTree = "<group>";
		};
		53449CC41B182D0E005A0A35 /* LaunchScreen.xib */ = {
			isa = PBXVariantGroup;
			children = (
				53449CC51B182D0E005A0A35 /* Base */,
			);
			name = LaunchScreen.xib;
			sourceTree = "<group>";
		};
/* End PBXVariantGroup section */

/* Begin XCBuildConfiguration section */
		53449CD31B182D0E005A0A35 /* Debug */ = {
			isa = XCBuildConfiguration;
			buildSettings = {
				ALWAYS_SEARCH_USER_PATHS = NO;
				CLANG_CXX_LANGUAGE_STANDARD = "gnu++0x";
				CLANG_CXX_LIBRARY = "libc++";
				CLANG_ENABLE_MODULES = YES;
				CLANG_ENABLE_OBJC_ARC = YES;
				CLANG_WARN_BOOL_CONVERSION = YES;
				CLANG_WARN_CONSTANT_CONVERSION = YES;
				CLANG_WARN_DIRECT_OBJC_ISA_USAGE = YES_ERROR;
				CLANG_WARN_EMPTY_BODY = YES;
				CLANG_WARN_ENUM_CONVERSION = YES;
				CLANG_WARN_INT_CONVERSION = YES;
				CLANG_WARN_OBJC_ROOT_CLASS = YES_ERROR;
				CLANG_WARN_UNREACHABLE_CODE = YES;
				CLANG_WARN__DUPLICATE_METHOD_MATCH = YES;
				"CODE_SIGN_IDENTITY[sdk=iphoneos*]" = "iPhone Developer";
				COPY_PHASE_STRIP = NO;
				DEBUG_INFORMATION_FORMAT = "dwarf-with-dsym";
				ENABLE_STRICT_OBJC_MSGSEND = YES;
				GCC_C_LANGUAGE_STANDARD = gnu99;
				GCC_DYNAMIC_NO_PIC = NO;
				GCC_NO_COMMON_BLOCKS = YES;
				GCC_OPTIMIZATION_LEVEL = 0;
				GCC_PREPROCESSOR_DEFINITIONS = (
					"DEBUG=1",
					"$(inherited)",
				);
				GCC_SYMBOLS_PRIVATE_EXTERN = NO;
				GCC_WARN_64_TO_32_BIT_CONVERSION = YES;
				GCC_WARN_ABOUT_RETURN_TYPE = YES_ERROR;
				GCC_WARN_UNDECLARED_SELECTOR = YES;
				GCC_WARN_UNINITIALIZED_AUTOS = YES_AGGRESSIVE;
				GCC_WARN_UNUSED_FUNCTION = YES;
				GCC_WARN_UNUSED_VARIABLE = YES;
				IPHONEOS_DEPLOYMENT_TARGET = 8.3;
				MTL_ENABLE_DEBUG_INFO = YES;
				ONLY_ACTIVE_ARCH = YES;
				SDKROOT = iphoneos;
			};
			name = Debug;
		};
		53449CD41B182D0E005A0A35 /* Release */ = {
			isa = XCBuildConfiguration;
			buildSettings = {
				ALWAYS_SEARCH_USER_PATHS = NO;
				CLANG_CXX_LANGUAGE_STANDARD = "gnu++0x";
				CLANG_CXX_LIBRARY = "libc++";
				CLANG_ENABLE_MODULES = YES;
				CLANG_ENABLE_OBJC_ARC = YES;
				CLANG_WARN_BOOL_CONVERSION = YES;
				CLANG_WARN_CONSTANT_CONVERSION = YES;
				CLANG_WARN_DIRECT_OBJC_ISA_USAGE = YES_ERROR;
				CLANG_WARN_EMPTY_BODY = YES;
				CLANG_WARN_ENUM_CONVERSION = YES;
				CLANG_WARN_INT_CONVERSION = YES;
				CLANG_WARN_OBJC_ROOT_CLASS = YES_ERROR;
				CLANG_WARN_UNREACHABLE_CODE = YES;
				CLANG_WARN__DUPLICATE_METHOD_MATCH = YES;
				"CODE_SIGN_IDENTITY[sdk=iphoneos*]" = "iPhone Developer";
				COPY_PHASE_STRIP = NO;
				DEBUG_INFORMATION_FORMAT = "dwarf-with-dsym";
				ENABLE_NS_ASSERTIONS = NO;
				ENABLE_STRICT_OBJC_MSGSEND = YES;
				GCC_C_LANGUAGE_STANDARD = gnu99;
				GCC_NO_COMMON_BLOCKS = YES;
				GCC_WARN_64_TO_32_BIT_CONVERSION = YES;
				GCC_WARN_ABOUT_RETURN_TYPE = YES_ERROR;
				GCC_WARN_UNDECLARED_SELECTOR = YES;
				GCC_WARN_UNINITIALIZED_AUTOS = YES_AGGRESSIVE;
				GCC_WARN_UNUSED_FUNCTION = YES;
				GCC_WARN_UNUSED_VARIABLE = YES;
				IPHONEOS_DEPLOYMENT_TARGET = 8.3;
				MTL_ENABLE_DEBUG_INFO = NO;
				SDKROOT = iphoneos;
				VALIDATE_PRODUCT = YES;
			};
			name = Release;
		};
		53449CD61B182D0E005A0A35 /* Debug */ = {
			isa = XCBuildConfiguration;
			buildSettings = {
				ASSETCATALOG_COMPILER_APPICON_NAME = AppIcon;
				INFOPLIST_FILE = huhu/Info.plist;
				LD_RUNPATH_SEARCH_PATHS = "$(inherited) @executable_path/Frameworks";
				PRODUCT_NAME = "$(TARGET_NAME)";
			};
			name = Debug;
		};
		53449CD71B182D0E005A0A35 /* Release */ = {
			isa = XCBuildConfiguration;
			buildSettings = {
				ASSETCATALOG_COMPILER_APPICON_NAME = AppIcon;
				INFOPLIST_FILE = huhu/Info.plist;
				LD_RUNPATH_SEARCH_PATHS = "$(inherited) @executable_path/Frameworks";
				PRODUCT_NAME = "$(TARGET_NAME)";
			};
			name = Release;
		};
		53449CD91B182D0E005A0A35 /* Debug */ = {
			isa = XCBuildConfiguration;
			buildSettings = {
				BUNDLE_LOADER = "$(TEST_HOST)";
				FRAMEWORK_SEARCH_PATHS = (
					"$(SDKROOT)/Developer/Library/Frameworks",
					"$(inherited)",
				);
				GCC_PREPROCESSOR_DEFINITIONS = (
					"DEBUG=1",
					"$(inherited)",
				);
				INFOPLIST_FILE = huhuTests/Info.plist;
				LD_RUNPATH_SEARCH_PATHS = "$(inherited) @executable_path/Frameworks @loader_path/Frameworks";
				PRODUCT_NAME = "$(TARGET_NAME)";
				TEST_HOST = "$(BUILT_PRODUCTS_DIR)/huhu.app/huhu";
			};
			name = Debug;
		};
		53449CDA1B182D0E005A0A35 /* Release */ = {
			isa = XCBuildConfiguration;
			buildSettings = {
				BUNDLE_LOADER = "$(TEST_HOST)";
				FRAMEWORK_SEARCH_PATHS = (
					"$(SDKROOT)/Developer/Library/Frameworks",
					"$(inherited)",
				);
				INFOPLIST_FILE = huhuTests/Info.plist;
				LD_RUNPATH_SEARCH_PATHS = "$(inherited) @executable_path/Frameworks @loader_path/Frameworks";
				PRODUCT_NAME = "$(TARGET_NAME)";
				TEST_HOST = "$(BUILT_PRODUCTS_DIR)/huhu.app/huhu";
			};
			name = Release;
		};
/* End XCBuildConfiguration section */

/* Begin XCConfigurationList section */
		53449CAA1B182D0D005A0A35 /* Build configuration list for PBXProject "huhu" */ = {
			isa = XCConfigurationList;
			buildConfigurations = (
				53449CD31B182D0E005A0A35 /* Debug */,
				53449CD41B182D0E005A0A35 /* Release */,
			);
			defaultConfigurationIsVisible = 0;
			defaultConfigurationName = Release;
		};
		53449CD51B182D0E005A0A35 /* Build configuration list for PBXNativeTarget "huhu" */ = {
			isa = XCConfigurationList;
			buildConfigurations = (
				53449CD61B182D0E005A0A35 /* Debug */,
				53449CD71B182D0E005A0A35 /* Release */,
			);
			defaultConfigurationIsVisible = 0;
		};
		53449CD81B182D0E005A0A35 /* Build configuration list for PBXNativeTarget "huhuTests" */ = {
			isa = XCConfigurationList;
			buildConfigurations = (
				53449CD91B182D0E005A0A35 /* Debug */,
				53449CDA1B182D0E005A0A35 /* Release */,
			);
			defaultConfigurationIsVisible = 0;
		};
/* End XCConfigurationList section */

/* Begin XCVersionGroup section */
		53449CB91B182D0D005A0A35 /* huhu.xcdatamodeld */ = {
			isa = XCVersionGroup;
			children = (
				53449CBA1B182D0D005A0A35 /* huhu.xcdatamodel */,
			);
			currentVersion = 53449CBA1B182D0D005A0A35 /* huhu.xcdatamodel */;
			path = huhu.xcdatamodeld;
			sourceTree = "<group>";
			versionGroupType = wrapper.xcdatamodel;
		};
/* End XCVersionGroup section */
	};
	rootObject = 53449CA71B182D0D005A0A35 /* Project object */;
}
